
Microsoft Visual Studio Solution File, Format Version 12.00
# Visual Studio Version 17
VisualStudioVersion = 17.5.002.0
MinimumVisualStudioVersion = 10.0.40219.1
Project("{9A19103F-16F7-4668-BE54-9A1E7A4F7556}") = "SimpsonsDownversion", "SimpsonsDownversion.csproj", "{F4B349BB-88EE-4EEB-846D-8805AF0B93D7}"
EndProject
Global
	GlobalSection(SolutionConfigurationPlatforms) = preSolution
		Debug|Any CPU = Debug|Any CPU
		Release|Any CPU = Release|Any CPU
	EndGlobalSection
	GlobalSection(ProjectConfigurationPlatforms) = postSolution
		{F4B349BB-88EE-4EEB-846D-8805AF0B93D7}.Debug|Any CPU.ActiveCfg = Debug|Any CPU
		{F4B349BB-88EE-4EEB-846D-8805AF0B93D7}.Debug|Any CPU.Build.0 = Debug|Any CPU
		{F4B349BB-88EE-4EEB-846D-8805AF0B93D7}.Release|Any CPU.ActiveCfg = Release|Any CPU
		{F4B349BB-88EE-4EEB-846D-8805AF0B93D7}.Release|Any CPU.Build.0 = Release|Any CPU
	EndGlobalSection
	GlobalSection(SolutionProperties) = preSolution
		HideSolutionNode = FALSE
	EndGlobalSection
	GlobalSection(ExtensibilityGlobals) = postSolution
		SolutionGuid = {EF2A6B98-EB79-40A2-9BBF-33A373482E50}
	EndGlobalSection
EndGlobal
